
Microsoft Visual Studio Solution File, Format Version 12.00
# Visual Studio Version 17
VisualStudioVersion = 17.8.34511.84
MinimumVisualStudioVersion = 10.0.40219.1
Project("{FAE04EC0-301F-11D3-BF4B-00C04F79EFBC}") = "DeltaCore.EmailService", "DeltaCore.EmailService.csproj", "{B77B9BAC-67FF-4FD0-8D21-936B083DF1FA}"
EndProject
Global
	GlobalSection(SolutionConfigurationPlatforms) = preSolution
		Debug|Any CPU = Debug|Any CPU
		Release|Any CPU = Release|Any CPU
	EndGlobalSection
	GlobalSection(ProjectConfigurationPlatforms) = postSolution
		{B77B9BAC-67FF-4FD0-8D21-936B083DF1FA}.Debug|Any CPU.ActiveCfg = Debug|Any CPU
		{B77B9BAC-67FF-4FD0-8D21-936B083DF1FA}.Debug|Any CPU.Build.0 = Debug|Any CPU
		{B77B9BAC-67FF-4FD0-8D21-936B083DF1FA}.Release|Any CPU.ActiveCfg = Release|Any CPU
		{B77B9BAC-67FF-4FD0-8D21-936B083DF1FA}.Release|Any CPU.Build.0 = Release|Any CPU
	EndGlobalSection
	GlobalSection(SolutionProperties) = preSolution
		HideSolutionNode = FALSE
	EndGlobalSection
	GlobalSection(ExtensibilityGlobals) = postSolution
		SolutionGuid = {18142DCF-1B20-48F0-8174-CCDB8CF920E1}
	EndGlobalSection
EndGlobal
